
Microsoft Visual Studio Solution File, Format Version 12.00
# Visual Studio Version 17
VisualStudioVersion = 17.7.34031.279
MinimumVisualStudioVersion = 10.0.40219.1
Project("{FAE04EC0-301F-11D3-BF4B-00C04F79EFBC}") = "temp", "temp\temp.csproj", "{2A894A7B-D430-421B-89BF-BFA436A04E62}"
EndProject
Global
	GlobalSection(SolutionConfigurationPlatforms) = preSolution
		Debug|Any CPU = Debug|Any CPU
		Release|Any CPU = Release|Any CPU
	EndGlobalSection
	GlobalSection(ProjectConfigurationPlatforms) = postSolution
		{2A894A7B-D430-421B-89BF-BFA436A04E62}.Debug|Any CPU.ActiveCfg = Debug|Any CPU
		{2A894A7B-D430-421B-89BF-BFA436A04E62}.Debug|Any CPU.Build.0 = Debug|Any CPU
		{2A894A7B-D430-421B-89BF-BFA436A04E62}.Release|Any CPU.ActiveCfg = Release|Any CPU
		{2A894A7B-D430-421B-89BF-BFA436A04E62}.Release|Any CPU.Build.0 = Release|Any CPU
	EndGlobalSection
	GlobalSection(SolutionProperties) = preSolution
		HideSolutionNode = FALSE
	EndGlobalSection
	GlobalSection(ExtensibilityGlobals) = postSolution
		SolutionGuid = {75509F6B-0599-4E15-B23D-71D4C6CDF6D4}
	EndGlobalSection
EndGlobal
